
Microsoft Visual Studio Solution File, Format Version 12.00
# Visual Studio Version 16
VisualStudioVersion = 16.0.31112.23
MinimumVisualStudioVersion = 10.0.40219.1
Project("{8BC9CEB8-8B4A-11D0-8D11-00A0C91BC942}") = "Practice01-01", "Practice01-01\Practice01-01.vcxproj", "{1F8162FC-CEC2-44EA-AE99-2D28091C5FE9}"
EndProject
Project("{8BC9CEB8-8B4A-11D0-8D11-00A0C91BC942}") = "Practice01_02", "Practice01_02\Practice01_02.vcxproj", "{1605FFBA-4388-4D39-89EA-11033FC726D2}"
EndProject
Project("{8BC9CEB8-8B4A-11D0-8D11-00A0C91BC942}") = "Exercise01_01", "Exercise01_01\Exercise01_01.vcxproj", "{E0603876-EA59-4B03-BDE6-90404BFCCDC8}"
EndProject
Project("{8BC9CEB8-8B4A-11D0-8D11-00A0C91BC942}") = "Exercise01_02", "Exercise01_02\Exercise01_02.vcxproj", "{DA7E8DDF-E9A9-4DD7-B7B7-638C1BA285E2}"
EndProject
Project("{8BC9CEB8-8B4A-11D0-8D11-00A0C91BC942}") = "Exercise01_03", "Exercise01_03\Exercise01_03.vcxproj", "{88ABDD27-F204-4776-BC2D-165B4BA8E111}"
EndProject
Project("{8BC9CEB8-8B4A-11D0-8D11-00A0C91BC942}") = "Exercise01_04", "Exercise01_04\Exercise01_04.vcxproj", "{93535122-7973-44BE-8968-88093DA1DEBB}"
EndProject
Project("{8BC9CEB8-8B4A-11D0-8D11-00A0C91BC942}") = "Exercise01_05", "Exercise01_05\Exercise01_05.vcxproj", "{5E7C4374-0383-4253-A7A6-F64AC5F6ADA9}"
EndProject
Project("{8BC9CEB8-8B4A-11D0-8D11-00A0C91BC942}") = "Exercise01_06", "Exercise01_06\Exercise01_06.vcxproj", "{5F40E870-5C0E-4C76-87B9-DA2779570959}"
EndProject
Project("{8BC9CEB8-8B4A-11D0-8D11-00A0C91BC942}") = "Exercise01_07", "Exercise01_07\Exercise01_07.vcxproj", "{3063EB91-E8A4-4F74-9FCB-4E0599327F4B}"
EndProject
Project("{8BC9CEB8-8B4A-11D0-8D11-00A0C91BC942}") = "MyExercise", "MyExercise\MyExercise.vcxproj", "{6A3EAC54-15B5-4B72-9B17-9918E4607C71}"
EndProject
Project("{8BC9CEB8-8B4A-11D0-8D11-00A0C91BC942}") = "Exercise01_08", "Exercise01_08\Exercise01_08.vcxproj", "{F2FD4B92-3DD2-4419-A32B-2754A0C2FF5E}"
EndProject
Project("{8BC9CEB8-8B4A-11D0-8D11-00A0C91BC942}") = "Exercise01_09", "Exercise01_09\Exercise01_09.vcxproj", "{51F19997-D4E7-4635-97D6-5AEDEA9452D9}"
EndProject
Project("{8BC9CEB8-8B4A-11D0-8D11-00A0C91BC942}") = "Exercise01_10", "Exercise01_10\Exercise01_10.vcxproj", "{FE398550-82E3-401F-849E-D8FF225BB3AC}"
EndProject
Project("{8BC9CEB8-8B4A-11D0-8D11-00A0C91BC942}") = "Exercise01_11", "Exercise01_11\Exercise01_11.vcxproj", "{C9502756-C22C-468C-885D-768FE7D9667A}"
EndProject
Project("{8BC9CEB8-8B4A-11D0-8D11-00A0C91BC942}") = "Exercise01_12", "Exercise01_12\Exercise01_12.vcxproj", "{B73851CE-0190-4B33-B842-4F1525AE96D1}"
EndProject
Project("{8BC9CEB8-8B4A-11D0-8D11-00A0C91BC942}") = "Exercise01_13", "Exercise01_13\Exercise01_13.vcxproj", "{C4A99696-32CE-486F-AB9B-7AED5EBA13AD}"
EndProject
Project("{8BC9CEB8-8B4A-11D0-8D11-00A0C91BC942}") = "Exercise01_14", "Exercise01_14\Exercise01_14.vcxproj", "{3ED7E594-C2CC-431D-B6B0-578C4B125DD9}"
EndProject
Project("{8BC9CEB8-8B4A-11D0-8D11-00A0C91BC942}") = "Exercise01_15", "Exercise01_15\Exercise01_15.vcxproj", "{D6263790-8129-4BC2-9C4D-11BD9907DADB}"
EndProject
Project("{8BC9CEB8-8B4A-11D0-8D11-00A0C91BC942}") = "Exercise01_16", "Exercise01_16\Exercise01_16.vcxproj", "{AC160F0F-F328-4A75-9B2D-E2E1D266488E}"
EndProject
Project("{8BC9CEB8-8B4A-11D0-8D11-00A0C91BC942}") = "Exercise01_17", "Exercise01_17\Exercise01_17.vcxproj", "{2DC961E4-CBE6-4383-8190-248667A98384}"
EndProject
Global
	GlobalSection(SolutionConfigurationPlatforms) = preSolution
		Debug|x64 = Debug|x64
		Debug|x86 = Debug|x86
		Release|x64 = Release|x64
		Release|x86 = Release|x86
	EndGlobalSection
	GlobalSection(ProjectConfigurationPlatforms) = postSolution
		{1F8162FC-CEC2-44EA-AE99-2D28091C5FE9}.Debug|x64.ActiveCfg = Debug|x64
		{1F8162FC-CEC2-44EA-AE99-2D28091C5FE9}.Debug|x64.Build.0 = Debug|x64
		{1F8162FC-CEC2-44EA-AE99-2D28091C5FE9}.Debug|x86.ActiveCfg = Debug|Win32
		{1F8162FC-CEC2-44EA-AE99-2D28091C5FE9}.Debug|x86.Build.0 = Debug|Win32
		{1F8162FC-CEC2-44EA-AE99-2D28091C5FE9}.Release|x64.ActiveCfg = Release|x64
		{1F8162FC-CEC2-44EA-AE99-2D28091C5FE9}.Release|x64.Build.0 = Release|x64
		{1F8162FC-CEC2-44EA-AE99-2D28091C5FE9}.Release|x86.ActiveCfg = Release|Win32
		{1F8162FC-CEC2-44EA-AE99-2D28091C5FE9}.Release|x86.Build.0 = Release|Win32
		{1605FFBA-4388-4D39-89EA-11033FC726D2}.Debug|x64.ActiveCfg = Debug|x64
		{1605FFBA-4388-4D39-89EA-11033FC726D2}.Debug|x64.Build.0 = Debug|x64
		{1605FFBA-4388-4D39-89EA-11033FC726D2}.Debug|x86.ActiveCfg = Debug|Win32
		{1605FFBA-4388-4D39-89EA-11033FC726D2}.Debug|x86.Build.0 = Debug|Win32
		{1605FFBA-4388-4D39-89EA-11033FC726D2}.Release|x64.ActiveCfg = Release|x64
		{1605FFBA-4388-4D39-89EA-11033FC726D2}.Release|x64.Build.0 = Release|x64
		{1605FFBA-4388-4D39-89EA-11033FC726D2}.Release|x86.ActiveCfg = Release|Win32
		{1605FFBA-4388-4D39-89EA-11033FC726D2}.Release|x86.Build.0 = Release|Win32
		{E0603876-EA59-4B03-BDE6-90404BFCCDC8}.Debug|x64.ActiveCfg = Debug|x64
		{E0603876-EA59-4B03-BDE6-90404BFCCDC8}.Debug|x64.Build.0 = Debug|x64
		{E0603876-EA59-4B03-BDE6-90404BFCCDC8}.Debug|x86.ActiveCfg = Debug|Win32
		{E0603876-EA59-4B03-BDE6-90404BFCCDC8}.Debug|x86.Build.0 = Debug|Win32
		{E0603876-EA59-4B03-BDE6-90404BFCCDC8}.Release|x64.ActiveCfg = Release|x64
		{E0603876-EA59-4B03-BDE6-90404BFCCDC8}.Release|x64.Build.0 = Release|x64
		{E0603876-EA59-4B03-BDE6-90404BFCCDC8}.Release|x86.ActiveCfg = Release|Win32
		{E0603876-EA59-4B03-BDE6-90404BFCCDC8}.Release|x86.Build.0 = Release|Win32
		{DA7E8DDF-E9A9-4DD7-B7B7-638C1BA285E2}.Debug|x64.ActiveCfg = Debug|x64
		{DA7E8DDF-E9A9-4DD7-B7B7-638C1BA285E2}.Debug|x64.Build.0 = Debug|x64
		{DA7E8DDF-E9A9-4DD7-B7B7-638C1BA285E2}.Debug|x86.ActiveCfg = Debug|Win32
		{DA7E8DDF-E9A9-4DD7-B7B7-638C1BA285E2}.Debug|x86.Build.0 = Debug|Win32
		{DA7E8DDF-E9A9-4DD7-B7B7-638C1BA285E2}.Release|x64.ActiveCfg = Release|x64
		{DA7E8DDF-E9A9-4DD7-B7B7-638C1BA285E2}.Release|x64.Build.0 = Release|x64
		{DA7E8DDF-E9A9-4DD7-B7B7-638C1BA285E2}.Release|x86.ActiveCfg = Release|Win32
		{DA7E8DDF-E9A9-4DD7-B7B7-638C1BA285E2}.Release|x86.Build.0 = Release|Win32
		{88ABDD27-F204-4776-BC2D-165B4BA8E111}.Debug|x64.ActiveCfg = Debug|x64
		{88ABDD27-F204-4776-BC2D-165B4BA8E111}.Debug|x64.Build.0 = Debug|x64
		{88ABDD27-F204-4776-BC2D-165B4BA8E111}.Debug|x86.ActiveCfg = Debug|Win32
		{88ABDD27-F204-4776-BC2D-165B4BA8E111}.Debug|x86.Build.0 = Debug|Win32
		{88ABDD27-F204-4776-BC2D-165B4BA8E111}.Release|x64.ActiveCfg = Release|x64
		{88ABDD27-F204-4776-BC2D-165B4BA8E111}.Release|x64.Build.0 = Release|x64
		{88ABDD27-F204-4776-BC2D-165B4BA8E111}.Release|x86.ActiveCfg = Release|Win32
		{88ABDD27-F204-4776-BC2D-165B4BA8E111}.Release|x86.Build.0 = Release|Win32
		{93535122-7973-44BE-8968-88093DA1DEBB}.Debug|x64.ActiveCfg = Debug|x64
		{93535122-7973-44BE-8968-88093DA1DEBB}.Debug|x64.Build.0 = Debug|x64
		{93535122-7973-44BE-8968-88093DA1DEBB}.Debug|x86.ActiveCfg = Debug|Win32
		{93535122-7973-44BE-8968-88093DA1DEBB}.Debug|x86.Build.0 = Debug|Win32
		{93535122-7973-44BE-8968-88093DA1DEBB}.Release|x64.ActiveCfg = Release|x64
		{93535122-7973-44BE-8968-88093DA1DEBB}.Release|x64.Build.0 = Release|x64
		{93535122-7973-44BE-8968-88093DA1DEBB}.Release|x86.ActiveCfg = Release|Win32
		{93535122-7973-44BE-8968-88093DA1DEBB}.Release|x86.Build.0 = Release|Win32
		{5E7C4374-0383-4253-A7A6-F64AC5F6ADA9}.Debug|x64.ActiveCfg = Debug|x64
		{5E7C4374-0383-4253-A7A6-F64AC5F6ADA9}.Debug|x64.Build.0 = Debug|x64
		{5E7C4374-0383-4253-A7A6-F64AC5F6ADA9}.Debug|x86.ActiveCfg = Debug|Win32
		{5E7C4374-0383-4253-A7A6-F64AC5F6ADA9}.Debug|x86.Build.0 = Debug|Win32
		{5E7C4374-0383-4253-A7A6-F64AC5F6ADA9}.Release|x64.ActiveCfg = Release|x64
		{5E7C4374-0383-4253-A7A6-F64AC5F6ADA9}.Release|x64.Build.0 = Release|x64
		{5E7C4374-0383-4253-A7A6-F64AC5F6ADA9}.Release|x86.ActiveCfg = Release|Win32
		{5E7C4374-0383-4253-A7A6-F64AC5F6ADA9}.Release|x86.Build.0 = Release|Win32
		{5F40E870-5C0E-4C76-87B9-DA2779570959}.Debug|x64.ActiveCfg = Debug|x64
		{5F40E870-5C0E-4C76-87B9-DA2779570959}.Debug|x64.Build.0 = Debug|x64
		{5F40E870-5C0E-4C76-87B9-DA2779570959}.Debug|x86.ActiveCfg = Debug|Win32
		{5F40E870-5C0E-4C76-87B9-DA2779570959}.Debug|x86.Build.0 = Debug|Win32
		{5F40E870-5C0E-4C76-87B9-DA2779570959}.Release|x64.ActiveCfg = Release|x64
		{5F40E870-5C0E-4C76-87B9-DA2779570959}.Release|x64.Build.0 = Release|x64
		{5F40E870-5C0E-4C76-87B9-DA2779570959}.Release|x86.ActiveCfg = Release|Win32
		{5F40E870-5C0E-4C76-87B9-DA2779570959}.Release|x86.Build.0 = Release|Win32
		{3063EB91-E8A4-4F74-9FCB-4E0599327F4B}.Debug|x64.ActiveCfg = Debug|x64
		{3063EB91-E8A4-4F74-9FCB-4E0599327F4B}.Debug|x64.Build.0 = Debug|x64
		{3063EB91-E8A4-4F74-9FCB-4E0599327F4B}.Debug|x86.ActiveCfg = Debug|Win32
		{3063EB91-E8A4-4F74-9FCB-4E0599327F4B}.Debug|x86.Build.0 = Debug|Win32
		{3063EB91-E8A4-4F74-9FCB-4E0599327F4B}.Release|x64.ActiveCfg = Release|x64
		{3063EB91-E8A4-4F74-9FCB-4E0599327F4B}.Release|x64.Build.0 = Release|x64
		{3063EB91-E8A4-4F74-9FCB-4E0599327F4B}.Release|x86.ActiveCfg = Release|Win32
		{3063EB91-E8A4-4F74-9FCB-4E0599327F4B}.Release|x86.Build.0 = Release|Win32
		{6A3EAC54-15B5-4B72-9B17-9918E4607C71}.Debug|x64.ActiveCfg = Debug|x64
		{6A3EAC54-15B5-4B72-9B17-9918E4607C71}.Debug|x64.Build.0 = Debug|x64
		{6A3EAC54-15B5-4B72-9B17-9918E4607C71}.Debug|x86.ActiveCfg = Debug|Win32
		{6A3EAC54-15B5-4B72-9B17-9918E4607C71}.Debug|x86.Build.0 = Debug|Win32
		{6A3EAC54-15B5-4B72-9B17-9918E4607C71}.Release|x64.ActiveCfg = Release|x64
		{6A3EAC54-15B5-4B72-9B17-9918E4607C71}.Release|x64.Build.0 = Release|x64
		{6A3EAC54-15B5-4B72-9B17-9918E4607C71}.Release|x86.ActiveCfg = Release|Win32
		{6A3EAC54-15B5-4B72-9B17-9918E4607C71}.Release|x86.Build.0 = Release|Win32
		{F2FD4B92-3DD2-4419-A32B-2754A0C2FF5E}.Debug|x64.ActiveCfg = Debug|x64
		{F2FD4B92-3DD2-4419-A32B-2754A0C2FF5E}.Debug|x64.Build.0 = Debug|x64
		{F2FD4B92-3DD2-4419-A32B-2754A0C2FF5E}.Debug|x86.ActiveCfg = Debug|Win32
		{F2FD4B92-3DD2-4419-A32B-2754A0C2FF5E}.Debug|x86.Build.0 = Debug|Win32
		{F2FD4B92-3DD2-4419-A32B-2754A0C2FF5E}.Release|x64.ActiveCfg = Release|x64
		{F2FD4B92-3DD2-4419-A32B-2754A0C2FF5E}.Release|x64.Build.0 = Release|x64
		{F2FD4B92-3DD2-4419-A32B-2754A0C2FF5E}.Release|x86.ActiveCfg = Release|Win32
		{F2FD4B92-3DD2-4419-A32B-2754A0C2FF5E}.Release|x86.Build.0 = Release|Win32
		{51F19997-D4E7-4635-97D6-5AEDEA9452D9}.Debug|x64.ActiveCfg = Debug|x64
		{51F19997-D4E7-4635-97D6-5AEDEA9452D9}.Debug|x64.Build.0 = Debug|x64
		{51F19997-D4E7-4635-97D6-5AEDEA9452D9}.Debug|x86.ActiveCfg = Debug|Win32
		{51F19997-D4E7-4635-97D6-5AEDEA9452D9}.Debug|x86.Build.0 = Debug|Win32
		{51F19997-D4E7-4635-97D6-5AEDEA9452D9}.Release|x64.ActiveCfg = Release|x64
		{51F19997-D4E7-4635-97D6-5AEDEA9452D9}.Release|x64.Build.0 = Release|x64
		{51F19997-D4E7-4635-97D6-5AEDEA9452D9}.Release|x86.ActiveCfg = Release|Win32
		{51F19997-D4E7-4635-97D6-5AEDEA9452D9}.Release|x86.Build.0 = Release|Win32
		{FE398550-82E3-401F-849E-D8FF225BB3AC}.Debug|x64.ActiveCfg = Debug|x64
		{FE398550-82E3-401F-849E-D8FF225BB3AC}.Debug|x64.Build.0 = Debug|x64
		{FE398550-82E3-401F-849E-D8FF225BB3AC}.Debug|x86.ActiveCfg = Debug|Win32
		{FE398550-82E3-401F-849E-D8FF225BB3AC}.Debug|x86.Build.0 = Debug|Win32
		{FE398550-82E3-401F-849E-D8FF225BB3AC}.Release|x64.ActiveCfg = Release|x64
		{FE398550-82E3-401F-849E-D8FF225BB3AC}.Release|x64.Build.0 = Release|x64
		{FE398550-82E3-401F-849E-D8FF225BB3AC}.Release|x86.ActiveCfg = Release|Win32
		{FE398550-82E3-401F-849E-D8FF225BB3AC}.Release|x86.Build.0 = Release|Win32
		{C9502756-C22C-468C-885D-768FE7D9667A}.Debug|x64.ActiveCfg = Debug|x64
		{C9502756-C22C-468C-885D-768FE7D9667A}.Debug|x64.Build.0 = Debug|x64
		{C9502756-C22C-468C-885D-768FE7D9667A}.Debug|x86.ActiveCfg = Debug|Win32
		{C9502756-C22C-468C-885D-768FE7D9667A}.Debug|x86.Build.0 = Debug|Win32
		{C9502756-C22C-468C-885D-768FE7D9667A}.Release|x64.ActiveCfg = Release|x64
		{C9502756-C22C-468C-885D-768FE7D9667A}.Release|x64.Build.0 = Release|x64
		{C9502756-C22C-468C-885D-768FE7D9667A}.Release|x86.ActiveCfg = Release|Win32
		{C9502756-C22C-468C-885D-768FE7D9667A}.Release|x86.Build.0 = Release|Win32
		{B73851CE-0190-4B33-B842-4F1525AE96D1}.Debug|x64.ActiveCfg = Debug|x64
		{B73851CE-0190-4B33-B842-4F1525AE96D1}.Debug|x64.Build.0 = Debug|x64
		{B73851CE-0190-4B33-B842-4F1525AE96D1}.Debug|x86.ActiveCfg = Debug|Win32
		{B73851CE-0190-4B33-B842-4F1525AE96D1}.Debug|x86.Build.0 = Debug|Win32
		{B73851CE-0190-4B33-B842-4F1525AE96D1}.Release|x64.ActiveCfg = Release|x64
		{B73851CE-0190-4B33-B842-4F1525AE96D1}.Release|x64.Build.0 = Release|x64
		{B73851CE-0190-4B33-B842-4F1525AE96D1}.Release|x86.ActiveCfg = Release|Win32
		{B73851CE-0190-4B33-B842-4F1525AE96D1}.Release|x86.Build.0 = Release|Win32
		{C4A99696-32CE-486F-AB9B-7AED5EBA13AD}.Debug|x64.ActiveCfg = Debug|x64
		{C4A99696-32CE-486F-AB9B-7AED5EBA13AD}.Debug|x64.Build.0 = Debug|x64
		{C4A99696-32CE-486F-AB9B-7AED5EBA13AD}.Debug|x86.ActiveCfg = Debug|Win32
		{C4A99696-32CE-486F-AB9B-7AED5EBA13AD}.Debug|x86.Build.0 = Debug|Win32
		{C4A99696-32CE-486F-AB9B-7AED5EBA13AD}.Release|x64.ActiveCfg = Release|x64
		{C4A99696-32CE-486F-AB9B-7AED5EBA13AD}.Release|x64.Build.0 = Release|x64
		{C4A99696-32CE-486F-AB9B-7AED5EBA13AD}.Release|x86.ActiveCfg = Release|Win32
		{C4A99696-32CE-486F-AB9B-7AED5EBA13AD}.Release|x86.Build.0 = Release|Win32
		{3ED7E594-C2CC-431D-B6B0-578C4B125DD9}.Debug|x64.ActiveCfg = Debug|x64
		{3ED7E594-C2CC-431D-B6B0-578C4B125DD9}.Debug|x64.Build.0 = Debug|x64
		{3ED7E594-C2CC-431D-B6B0-578C4B125DD9}.Debug|x86.ActiveCfg = Debug|Win32
		{3ED7E594-C2CC-431D-B6B0-578C4B125DD9}.Debug|x86.Build.0 = Debug|Win32
		{3ED7E594-C2CC-431D-B6B0-578C4B125DD9}.Release|x64.ActiveCfg = Release|x64
		{3ED7E594-C2CC-431D-B6B0-578C4B125DD9}.Release|x64.Build.0 = Release|x64
		{3ED7E594-C2CC-431D-B6B0-578C4B125DD9}.Release|x86.ActiveCfg = Release|Win32
		{3ED7E594-C2CC-431D-B6B0-578C4B125DD9}.Release|x86.Build.0 = Release|Win32
		{D6263790-8129-4BC2-9C4D-11BD9907DADB}.Debug|x64.ActiveCfg = Debug|x64
		{D6263790-8129-4BC2-9C4D-11BD9907DADB}.Debug|x64.Build.0 = Debug|x64
		{D6263790-8129-4BC2-9C4D-11BD9907DADB}.Debug|x86.ActiveCfg = Debug|Win32
		{D6263790-8129-4BC2-9C4D-11BD9907DADB}.Debug|x86.Build.0 = Debug|Win32
		{D6263790-8129-4BC2-9C4D-11BD9907DADB}.Release|x64.ActiveCfg = Release|x64
		{D6263790-8129-4BC2-9C4D-11BD9907DADB}.Release|x64.Build.0 = Release|x64
		{D6263790-8129-4BC2-9C4D-11BD9907DADB}.Release|x86.ActiveCfg = Release|Win32
		{D6263790-8129-4BC2-9C4D-11BD9907DADB}.Release|x86.Build.0 = Release|Win32
		{AC160F0F-F328-4A75-9B2D-E2E1D266488E}.Debug|x64.ActiveCfg = Debug|x64
		{AC160F0F-F328-4A75-9B2D-E2E1D266488E}.Debug|x64.Build.0 = Debug|x64
		{AC160F0F-F328-4A75-9B2D-E2E1D266488E}.Debug|x86.ActiveCfg = Debug|Win32
		{AC160F0F-F328-4A75-9B2D-E2E1D266488E}.Debug|x86.Build.0 = Debug|Win32
		{AC160F0F-F328-4A75-9B2D-E2E1D266488E}.Release|x64.ActiveCfg = Release|x64
		{AC160F0F-F328-4A75-9B2D-E2E1D266488E}.Release|x64.Build.0 = Release|x64
		{AC160F0F-F328-4A75-9B2D-E2E1D266488E}.Release|x86.ActiveCfg = Release|Win32
		{AC160F0F-F328-4A75-9B2D-E2E1D266488E}.Release|x86.Build.0 = Release|Win32
		{2DC961E4-CBE6-4383-8190-248667A98384}.Debug|x64.ActiveCfg = Debug|x64
		{2DC961E4-CBE6-4383-8190-248667A98384}.Debug|x64.Build.0 = Debug|x64
		{2DC961E4-CBE6-4383-8190-248667A98384}.Debug|x86.ActiveCfg = Debug|Win32
		{2DC961E4-CBE6-4383-8190-248667A98384}.Debug|x86.Build.0 = Debug|Win32
		{2DC961E4-CBE6-4383-8190-248667A98384}.Release|x64.ActiveCfg = Release|x64
		{2DC961E4-CBE6-4383-8190-248667A98384}.Release|x64.Build.0 = Release|x64
		{2DC961E4-CBE6-4383-8190-248667A98384}.Release|x86.ActiveCfg = Release|Win32
		{2DC961E4-CBE6-4383-8190-248667A98384}.Release|x86.Build.0 = Release|Win32
	EndGlobalSection
	GlobalSection(SolutionProperties) = preSolution
		HideSolutionNode = FALSE
	EndGlobalSection
	GlobalSection(ExtensibilityGlobals) = postSolution
		SolutionGuid = {EAC8907E-459E-4819-9D67-AA343727A600}
	EndGlobalSection
EndGlobal
